
Microsoft Visual Studio Solution File, Format Version 12.00
# Visual Studio Version 17
VisualStudioVersion = 17.7.34024.191
MinimumVisualStudioVersion = 10.0.40219.1
Project("{2150E333-8FDC-42A3-9474-1A3956D46DE8}") = "Services", "Services", "{3D260659-DAC2-44E1-9755-9D1D6E82AD08}"
EndProject
Project("{2150E333-8FDC-42A3-9474-1A3956D46DE8}") = "Catalog", "Catalog", "{C30EEEF9-EF16-450F-8B9E-4F37D4C72E0A}"
EndProject
Project("{9A19103F-16F7-4668-BE54-9A1E7A4F7556}") = "Catalog.Api", "Services\Catalog\Catalog.Api\Catalog.Api.csproj", "{8DDECE97-75E0-4B41-90F1-67B5EE60DC3A}"
EndProject
Project("{E53339B2-1760-4266-BCC7-CA923CBCF16C}") = "docker-compose", "docker-compose.dcproj", "{9AE12083-D828-408D-AD5E-7F2EC5902975}"
EndProject
Project("{2150E333-8FDC-42A3-9474-1A3956D46DE8}") = "Basket", "Basket", "{62287304-8240-4E4F-B144-358B80572697}"
EndProject
Project("{9A19103F-16F7-4668-BE54-9A1E7A4F7556}") = "Basket.Api", "Services\Basket\Basket.Api\Basket.Api.csproj", "{E727234C-13E4-408E-8D07-F4F08DDE35AE}"
EndProject
Project("{2150E333-8FDC-42A3-9474-1A3956D46DE8}") = "Discount", "Discount", "{6E345FA7-4135-4185-A239-09EA54979A5B}"
EndProject
Project("{9A19103F-16F7-4668-BE54-9A1E7A4F7556}") = "Discount.Api", "Services\Discount\Discount.Api\Discount.Api.csproj", "{E3A839F6-0B30-4C8D-89FA-83F4D65B0CB6}"
EndProject
Project("{9A19103F-16F7-4668-BE54-9A1E7A4F7556}") = "Discount.Grpc", "Services\Discount\Discount.Grpc\Discount.Grpc.csproj", "{A99055A9-838A-428E-9B94-344E962AEFE2}"
EndProject
Project("{2150E333-8FDC-42A3-9474-1A3956D46DE8}") = "Ordering", "Ordering", "{212A6EFE-35A5-4016-B4DE-1AFA2F460B7A}"
EndProject
Project("{FAE04EC0-301F-11D3-BF4B-00C04F79EFBC}") = "Ordering.Api", "Services\Ordering\Ordering.Api\Ordering.Api\Ordering.Api.csproj", "{8CF294EC-44A9-4F5C-9FC8-51F84973EF68}"
EndProject
Project("{FAE04EC0-301F-11D3-BF4B-00C04F79EFBC}") = "Ordering.Infrastructure", "Services\Ordering\Ordering.Infrastructure\Ordering.Infrastructure.csproj", "{4C224CC6-5980-4A48-8135-EA566F739C05}"
EndProject
Project("{FAE04EC0-301F-11D3-BF4B-00C04F79EFBC}") = "Ordering.Domain", "Services\Ordering\Ordering.Domain\Ordering.Domain.csproj", "{A3593B5D-6F50-46F4-8AFD-8037BECE2274}"
EndProject
Project("{FAE04EC0-301F-11D3-BF4B-00C04F79EFBC}") = "Ordering.Application", "Services\Ordering\Ordering.Application\Ordering.Application.csproj", "{DA348B17-CF75-423C-B1D3-D752917F01F2}"
EndProject
Global
	GlobalSection(SolutionConfigurationPlatforms) = preSolution
		Debug|Any CPU = Debug|Any CPU
		Release|Any CPU = Release|Any CPU
	EndGlobalSection
	GlobalSection(ProjectConfigurationPlatforms) = postSolution
		{8DDECE97-75E0-4B41-90F1-67B5EE60DC3A}.Debug|Any CPU.ActiveCfg = Debug|Any CPU
		{8DDECE97-75E0-4B41-90F1-67B5EE60DC3A}.Debug|Any CPU.Build.0 = Debug|Any CPU
		{8DDECE97-75E0-4B41-90F1-67B5EE60DC3A}.Release|Any CPU.ActiveCfg = Release|Any CPU
		{8DDECE97-75E0-4B41-90F1-67B5EE60DC3A}.Release|Any CPU.Build.0 = Release|Any CPU
		{9AE12083-D828-408D-AD5E-7F2EC5902975}.Debug|Any CPU.ActiveCfg = Debug|Any CPU
		{9AE12083-D828-408D-AD5E-7F2EC5902975}.Debug|Any CPU.Build.0 = Debug|Any CPU
		{9AE12083-D828-408D-AD5E-7F2EC5902975}.Release|Any CPU.ActiveCfg = Release|Any CPU
		{9AE12083-D828-408D-AD5E-7F2EC5902975}.Release|Any CPU.Build.0 = Release|Any CPU
		{E727234C-13E4-408E-8D07-F4F08DDE35AE}.Debug|Any CPU.ActiveCfg = Debug|Any CPU
		{E727234C-13E4-408E-8D07-F4F08DDE35AE}.Debug|Any CPU.Build.0 = Debug|Any CPU
		{E727234C-13E4-408E-8D07-F4F08DDE35AE}.Release|Any CPU.ActiveCfg = Release|Any CPU
		{E727234C-13E4-408E-8D07-F4F08DDE35AE}.Release|Any CPU.Build.0 = Release|Any CPU
		{E3A839F6-0B30-4C8D-89FA-83F4D65B0CB6}.Debug|Any CPU.ActiveCfg = Debug|Any CPU
		{E3A839F6-0B30-4C8D-89FA-83F4D65B0CB6}.Debug|Any CPU.Build.0 = Debug|Any CPU
		{E3A839F6-0B30-4C8D-89FA-83F4D65B0CB6}.Release|Any CPU.ActiveCfg = Release|Any CPU
		{E3A839F6-0B30-4C8D-89FA-83F4D65B0CB6}.Release|Any CPU.Build.0 = Release|Any CPU
		{A99055A9-838A-428E-9B94-344E962AEFE2}.Debug|Any CPU.ActiveCfg = Debug|Any CPU
		{A99055A9-838A-428E-9B94-344E962AEFE2}.Debug|Any CPU.Build.0 = Debug|Any CPU
		{A99055A9-838A-428E-9B94-344E962AEFE2}.Release|Any CPU.ActiveCfg = Release|Any CPU
		{A99055A9-838A-428E-9B94-344E962AEFE2}.Release|Any CPU.Build.0 = Release|Any CPU
		{8CF294EC-44A9-4F5C-9FC8-51F84973EF68}.Debug|Any CPU.ActiveCfg = Debug|Any CPU
		{8CF294EC-44A9-4F5C-9FC8-51F84973EF68}.Debug|Any CPU.Build.0 = Debug|Any CPU
		{8CF294EC-44A9-4F5C-9FC8-51F84973EF68}.Release|Any CPU.ActiveCfg = Release|Any CPU
		{8CF294EC-44A9-4F5C-9FC8-51F84973EF68}.Release|Any CPU.Build.0 = Release|Any CPU
		{4C224CC6-5980-4A48-8135-EA566F739C05}.Debug|Any CPU.ActiveCfg = Debug|Any CPU
		{4C224CC6-5980-4A48-8135-EA566F739C05}.Debug|Any CPU.Build.0 = Debug|Any CPU
		{4C224CC6-5980-4A48-8135-EA566F739C05}.Release|Any CPU.ActiveCfg = Release|Any CPU
		{4C224CC6-5980-4A48-8135-EA566F739C05}.Release|Any CPU.Build.0 = Release|Any CPU
		{A3593B5D-6F50-46F4-8AFD-8037BECE2274}.Debug|Any CPU.ActiveCfg = Debug|Any CPU
		{A3593B5D-6F50-46F4-8AFD-8037BECE2274}.Debug|Any CPU.Build.0 = Debug|Any CPU
		{A3593B5D-6F50-46F4-8AFD-8037BECE2274}.Release|Any CPU.ActiveCfg = Release|Any CPU
		{A3593B5D-6F50-46F4-8AFD-8037BECE2274}.Release|Any CPU.Build.0 = Release|Any CPU
		{DA348B17-CF75-423C-B1D3-D752917F01F2}.Debug|Any CPU.ActiveCfg = Debug|Any CPU
		{DA348B17-CF75-423C-B1D3-D752917F01F2}.Debug|Any CPU.Build.0 = Debug|Any CPU
		{DA348B17-CF75-423C-B1D3-D752917F01F2}.Release|Any CPU.ActiveCfg = Release|Any CPU
		{DA348B17-CF75-423C-B1D3-D752917F01F2}.Release|Any CPU.Build.0 = Release|Any CPU
	EndGlobalSection
	GlobalSection(SolutionProperties) = preSolution
		HideSolutionNode = FALSE
	EndGlobalSection
	GlobalSection(NestedProjects) = preSolution
		{C30EEEF9-EF16-450F-8B9E-4F37D4C72E0A} = {3D260659-DAC2-44E1-9755-9D1D6E82AD08}
		{8DDECE97-75E0-4B41-90F1-67B5EE60DC3A} = {C30EEEF9-EF16-450F-8B9E-4F37D4C72E0A}
		{62287304-8240-4E4F-B144-358B80572697} = {3D260659-DAC2-44E1-9755-9D1D6E82AD08}
		{E727234C-13E4-408E-8D07-F4F08DDE35AE} = {62287304-8240-4E4F-B144-358B80572697}
		{6E345FA7-4135-4185-A239-09EA54979A5B} = {3D260659-DAC2-44E1-9755-9D1D6E82AD08}
		{E3A839F6-0B30-4C8D-89FA-83F4D65B0CB6} = {6E345FA7-4135-4185-A239-09EA54979A5B}
		{A99055A9-838A-428E-9B94-344E962AEFE2} = {6E345FA7-4135-4185-A239-09EA54979A5B}
		{212A6EFE-35A5-4016-B4DE-1AFA2F460B7A} = {3D260659-DAC2-44E1-9755-9D1D6E82AD08}
		{8CF294EC-44A9-4F5C-9FC8-51F84973EF68} = {212A6EFE-35A5-4016-B4DE-1AFA2F460B7A}
		{4C224CC6-5980-4A48-8135-EA566F739C05} = {212A6EFE-35A5-4016-B4DE-1AFA2F460B7A}
		{A3593B5D-6F50-46F4-8AFD-8037BECE2274} = {212A6EFE-35A5-4016-B4DE-1AFA2F460B7A}
		{DA348B17-CF75-423C-B1D3-D752917F01F2} = {212A6EFE-35A5-4016-B4DE-1AFA2F460B7A}
	EndGlobalSection
	GlobalSection(ExtensibilityGlobals) = postSolution
		SolutionGuid = {DE632BED-B283-4CF3-A951-CB3CB1F55720}
	EndGlobalSection
EndGlobal
