
Microsoft Visual Studio Solution File, Format Version 12.00
# Visual Studio Version 17
VisualStudioVersion = 17.7.34024.191
MinimumVisualStudioVersion = 10.0.40219.1
Project("{2150E333-8FDC-42A3-9474-1A3956D46DE8}") = "Services", "Services", "{3D260659-DAC2-44E1-9755-9D1D6E82AD08}"
EndProject
Project("{2150E333-8FDC-42A3-9474-1A3956D46DE8}") = "Catalog", "Catalog", "{C30EEEF9-EF16-450F-8B9E-4F37D4C72E0A}"
EndProject
Project("{9A19103F-16F7-4668-BE54-9A1E7A4F7556}") = "Catalog.Api", "Services\Catalog\Catalog.Api\Catalog.Api.csproj", "{8DDECE97-75E0-4B41-90F1-67B5EE60DC3A}"
EndProject
Project("{E53339B2-1760-4266-BCC7-CA923CBCF16C}") = "docker-compose", "docker-compose.dcproj", "{9AE12083-D828-408D-AD5E-7F2EC5902975}"
EndProject
Global
	GlobalSection(SolutionConfigurationPlatforms) = preSolution
		Debug|Any CPU = Debug|Any CPU
		Release|Any CPU = Release|Any CPU
	EndGlobalSection
	GlobalSection(ProjectConfigurationPlatforms) = postSolution
		{8DDECE97-75E0-4B41-90F1-67B5EE60DC3A}.Debug|Any CPU.ActiveCfg = Debug|Any CPU
		{8DDECE97-75E0-4B41-90F1-67B5EE60DC3A}.Debug|Any CPU.Build.0 = Debug|Any CPU
		{8DDECE97-75E0-4B41-90F1-67B5EE60DC3A}.Release|Any CPU.ActiveCfg = Release|Any CPU
		{8DDECE97-75E0-4B41-90F1-67B5EE60DC3A}.Release|Any CPU.Build.0 = Release|Any CPU
		{9AE12083-D828-408D-AD5E-7F2EC5902975}.Debug|Any CPU.ActiveCfg = Debug|Any CPU
		{9AE12083-D828-408D-AD5E-7F2EC5902975}.Debug|Any CPU.Build.0 = Debug|Any CPU
		{9AE12083-D828-408D-AD5E-7F2EC5902975}.Release|Any CPU.ActiveCfg = Release|Any CPU
		{9AE12083-D828-408D-AD5E-7F2EC5902975}.Release|Any CPU.Build.0 = Release|Any CPU
	EndGlobalSection
	GlobalSection(SolutionProperties) = preSolution
		HideSolutionNode = FALSE
	EndGlobalSection
	GlobalSection(NestedProjects) = preSolution
		{C30EEEF9-EF16-450F-8B9E-4F37D4C72E0A} = {3D260659-DAC2-44E1-9755-9D1D6E82AD08}
		{8DDECE97-75E0-4B41-90F1-67B5EE60DC3A} = {C30EEEF9-EF16-450F-8B9E-4F37D4C72E0A}
	EndGlobalSection
	GlobalSection(ExtensibilityGlobals) = postSolution
		SolutionGuid = {DE632BED-B283-4CF3-A951-CB3CB1F55720}
	EndGlobalSection
EndGlobal
